{
  "originHash" : "f45f770a05aa8d57fbbde94afe6bb18e15adecfe774de85a4c071e564aaadbc8",
  "pins" : [
    {
      "identity" : "ia-sdk-ios",
      "kind" : "remoteSourceControl",
      "location" : "https://github.com/ihreapotheken/IA-SDK-iOS",
      "state" : {
        "revision" : "08bdc1aa64dd38ab2becf4ba562a9bd2d26de213",
        "version" : "0.13.7-beta"
      }
    },
    {
      "identity" : "openssl-swift",
      "kind" : "remoteSourceControl",
      "location" : "https://github.com/gematik/OpenSSL-Swift",
      "state" : {
        "revision" : "bec06b51e306b84b51fe09b7d26acb3b10e5e2e3",
        "version" : "4.3.1"
      }
    }
  ],
  "version" : 3
}
